github.com/go-sql-driver/mysql v1.6.0 h1:BCTh4TKNUYmOmMUcQ3IipzF5prigylS7XXjEkfCHuOE=
github.com/go-sql-driver/mysql v1.6.0/go.mod h1:DCzpHaOWr8IXmIStZouvnhqoel9Qv2LBy8hT2VhHyBg=
github.com/google/uuid v1.3.0 h1:t6JiXgmwXMjEs8VusXIJk2BXHsn+wx8BZdTaoZ5fu7I=
github.com/google/uuid v1.3.0/go.mod h1:TIyPZe4MgqvfeYDBFedMoGGpEw/LqOeaOT+nhxU+yHo=
github.com/ipthomas/tukcnst v1.3.1 h1:hPIumMHHTceETH9St5FBJ2q946O1JCBFiD1ZEcikHJs=
github.com/ipthomas/tukcnst v1.3.1/go.mod h1:ciOdJbw8hryjilsWjN0vhtF3ZbSfEKUd7wfzU0IZ2X8=
github.com/ipthomas/tukdbint v1.3.1 h1:mG001iW+JCdCb3Eq5+hBIixgrShExrtiUGpjd2DukMo=
github.com/ipthomas/tukdbint v1.3.1/go.mod h1:2+foj67PqyLSPUr7Evc1PEspq5sBUKWn1HerD/gMgSk=
github.com/ipthomas/tukdsub v1.3.1 h1:HWOSYAQJYn3+t2fURrih3H/5fIK551OPGoLTlOZHZr4=
github.com/ipthomas/tukdsub v1.3.1/go.mod h1:VbLTkjDALH6juwh3UmDa9AnnbFWxg2ZuDMjUZ3D7r8U=
github.com/ipthomas/tukhttp v1.3.1 h1:gY03v34iBzyCUEtxaSrYWD+E3wO/aB0gamD41ejofpg=
github.com/ipthomas/tukhttp v1.3.1/go.mod h1:pHZpbgYb68GLoX3QFoAY3zNb6iiuYUcJItYcSKAyqiM=
github.com/ipthomas/tukpdq v1.3.1 h1:OnEBaNgTsphltfyVM/C0i/SaWW0Es7+32UzYlfrf8CE=
github.com/ipthomas/tukpdq v1.3.1/go.mod h1:GrBWHImCV4GI7NL4qaUNesvEucGIz+3NIM+XnfsVOfU=
github.com/ipthomas/tukutil v1.3.1 h1:xH821n8rBR7WuRo4qY1jvzLuBqPL7JijWtnVYpZyXm0=
github.com/ipthomas/tukutil v1.3.1/go.mod h1:JBSSghx/fYveAdXuN0E0HBRRFErhpcxl6JFUXuJsxVE=
github.com/ipthomas/tukxdw v1.3.1 h1:bF4fh0oOwN5Krtb2pYqWTfgvF+QvhPqqMbNM/miGpA4=
github.com/ipthomas/tukxdw v1.3.1/go.mod h1:mofwqTTMWJAZ59yYweR3CuIXUX0W1fEcanX/YPDCRXk=
