github.com/go-sql-driver/mysql v1.7.0 h1:ueSltNNllEqE3qcWBTD0iQd3IpL/6U+mJxLkazJ7YPc=
github.com/go-sql-driver/mysql v1.7.0/go.mod h1:OXbVy3sEdcQ2Doequ6Z5BW6fXNQTmx+9S1MCJN5yJMI=
github.com/google/uuid v1.3.0 h1:t6JiXgmwXMjEs8VusXIJk2BXHsn+wx8BZdTaoZ5fu7I=
github.com/google/uuid v1.3.0/go.mod h1:TIyPZe4MgqvfeYDBFedMoGGpEw/LqOeaOT+nhxU+yHo=
github.com/ipthomas/tukcnst v1.3.4 h1:oXxo2QrzTkAG8XoJLKyG16BVdzDodPCIy3g5KKf8utk=
github.com/ipthomas/tukcnst v1.3.4/go.mod h1:ciOdJbw8hryjilsWjN0vhtF3ZbSfEKUd7wfzU0IZ2X8=
github.com/ipthomas/tukdbint v1.3.15 h1:ksaVBnUAcmhpJPJRUudsfRJNU+kA/nhQ0haRXrl5kak=
github.com/ipthomas/tukdbint v1.3.15/go.mod h1:ZE/XGP404BMoJzL6hIDjtzIiOem2F4mkMBdvSzZqGtQ=
github.com/ipthomas/tukdbint v1.3.16 h1:aTk3ROjSSTx4MqwNH8y82ye673Nhm8HacJFz5jBhRYo=
github.com/ipthomas/tukdbint v1.3.16/go.mod h1:ZE/XGP404BMoJzL6hIDjtzIiOem2F4mkMBdvSzZqGtQ=
github.com/ipthomas/tukdbint v1.3.17 h1:8l5YR3S7dT0KcZwuzrPG6aAVOKlTbRbyOYOxTet0DTg=
github.com/ipthomas/tukdbint v1.3.17/go.mod h1:dCJeMBlw58tfaBfoEgVKSZZ1iRb87LMXGn6ubOFxiVw=
github.com/ipthomas/tukdsub v1.3.12 h1:cXrhPtqJGJ1/8gfln2bKMivjNnBMqgzVhH9kqwlhVO8=
github.com/ipthomas/tukdsub v1.3.12/go.mod h1:is8kVZKv+oYHqICVRvOvrp3LPgEUFtzdjK8yx8H8rrU=
github.com/ipthomas/tukdsub v1.3.14 h1:c2tSI95KXE++dl0jvFivvYv2s/AN7VZR++lSABGxz30=
github.com/ipthomas/tukdsub v1.3.14/go.mod h1:AhgX1Ee8nvxSKGKTkefZQFLl4hKoL2WLq8bihBljfpI=
github.com/ipthomas/tukhttp v1.3.7 h1:T+I/p/8g2ghgrEMKVwbKtXHTMwbX2gqrRAYDqUDLqtw=
github.com/ipthomas/tukhttp v1.3.7/go.mod h1:gP96rMw5787E5yk5hfKMRamxbQPuNidM0fCBZ/1//qo=
github.com/ipthomas/tukhttp v1.3.8 h1:c0vlB/Dfmeun+vW5KH6jwLgLsbuq0Wz34uvbcJ1qPwI=
github.com/ipthomas/tukhttp v1.3.8/go.mod h1:uf0AQ8gBG2Exm0OgXSJLFUcJ4Sg1WyplbeoMkiZvLUY=
github.com/ipthomas/tukpdq v1.3.8 h1:w3sTKd65fKINIEfLacIzjx3nnef4ioSwfWUqES4vkb0=
github.com/ipthomas/tukpdq v1.3.8/go.mod h1:/uGVOc4TDAfPFfGCn/MPhHCcp8IyAl2pTTfzgScRWzc=
github.com/ipthomas/tukpdq v1.3.9 h1:IwCJ/uWHuLVG9oNSEHxUtoTUTJdpSgS/O3HECgF7UOA=
github.com/ipthomas/tukpdq v1.3.9/go.mod h1:jJXkIvVxjS9ZJF/92L3hWl9+WZNZD/+jijx6EDXI/7E=
github.com/ipthomas/tukutil v1.3.7 h1:thiBK8QYl2NU8clHuNaEUSqVZ2Aflb0rEZI3+mNiUn0=
github.com/ipthomas/tukutil v1.3.7/go.mod h1:fOnuj36dTQReAAgAORW0ulT8dA/CoiVW+qbHjbW6dPI=
github.com/ipthomas/tukutil v1.3.8 h1:B638EKGNuVekHT1aABI53lNTyVtMZXOJC7ouTpUI+to=
github.com/ipthomas/tukutil v1.3.8/go.mod h1:fOnuj36dTQReAAgAORW0ulT8dA/CoiVW+qbHjbW6dPI=
github.com/ipthomas/tukxdw v1.3.10 h1:FskNsrj2TrZvkoc30sPSey64FxWVJ1h6CCiF2yfhxQI=
github.com/ipthomas/tukxdw v1.3.10/go.mod h1:ONeR+qRu3hxkbnXF4MR7WHJtTRt7W4sNjZyknl6K/ow=
github.com/ipthomas/tukxdw v1.3.11 h1:/XYjzU3HBmWbisSQtwQH06kcNW4MbCLXOzDqbIsl3xU=
github.com/ipthomas/tukxdw v1.3.11/go.mod h1:PhOVqEGAWfvM4ZfriZv+x8UHdaDugMJykwcaO+NJJEs=
