github.com/go-sql-driver/mysql v1.6.0 h1:BCTh4TKNUYmOmMUcQ3IipzF5prigylS7XXjEkfCHuOE=
github.com/go-sql-driver/mysql v1.6.0/go.mod h1:DCzpHaOWr8IXmIStZouvnhqoel9Qv2LBy8hT2VhHyBg=
github.com/go-sql-driver/mysql v1.7.0 h1:ueSltNNllEqE3qcWBTD0iQd3IpL/6U+mJxLkazJ7YPc=
github.com/go-sql-driver/mysql v1.7.0/go.mod h1:OXbVy3sEdcQ2Doequ6Z5BW6fXNQTmx+9S1MCJN5yJMI=
github.com/google/uuid v1.3.0 h1:t6JiXgmwXMjEs8VusXIJk2BXHsn+wx8BZdTaoZ5fu7I=
github.com/google/uuid v1.3.0/go.mod h1:TIyPZe4MgqvfeYDBFedMoGGpEw/LqOeaOT+nhxU+yHo=
github.com/ipthomas/tukcnst v1.3.3 h1:DCjCAAlCvAX0sWHv/SBPDuuvIV9YS7wnJrBkH4pt3zs=
github.com/ipthomas/tukcnst v1.3.3/go.mod h1:ciOdJbw8hryjilsWjN0vhtF3ZbSfEKUd7wfzU0IZ2X8=
github.com/ipthomas/tukdbint v1.3.12 h1:1pJi9wxJ6qg0woXG1xnMSSwrehwhbAS08dqv1MDF/u0=
github.com/ipthomas/tukdbint v1.3.12/go.mod h1:dt2ayouorB7xP1RJgIRgSuPn4yjSsG4/b+yOw3ZE8eQ=
github.com/ipthomas/tukdbint v1.3.13 h1:dBCI4lvrQzEIVCdASL/boWRb9ooBbXoYqlV+h0ghxm0=
github.com/ipthomas/tukdbint v1.3.13/go.mod h1:KfRhi+drGzrX2V6fqyrP7NEG6c9uJFvIR4a7RmWS45E=
github.com/ipthomas/tukdbint v1.3.14 h1:UN26MgamGgs20cl8DzADa4wZ1fKqu1X6ci1aAYEdBic=
github.com/ipthomas/tukdbint v1.3.14/go.mod h1:+9+hd9BKNgMzftqHElz3lH7nFSzqJOkYCaP8gocrupQ=
github.com/ipthomas/tukdsub v1.3.8 h1:rkwqnNjxEpMcH4Nitaen/qvPoSuHAv22KhLjHocO4os=
github.com/ipthomas/tukdsub v1.3.8/go.mod h1:UE5DbV1oPA0NL6z4qXubs5VJRsFs1oM2eC96Pp7R/jQ=
github.com/ipthomas/tukdsub v1.3.9 h1:69wMM/MjWNr68COtAQ9KMWyquUgr2Vd8GP66wUpYsSQ=
github.com/ipthomas/tukdsub v1.3.9/go.mod h1:84vymElxAz0Uv7XCqFvyvLVE79S3tmHZrvbVvNPOn0s=
github.com/ipthomas/tukdsub v1.3.11 h1:VNz8VjWt8Lw4hlpDBbXYsK1kyg+TpFWbfxxb87JP4vw=
github.com/ipthomas/tukdsub v1.3.11/go.mod h1:el3WkVmq4sUqWK8xlpWnT6Be1gAG61wCc87CdpicX5Q=
github.com/ipthomas/tukhttp v1.3.4 h1:PJJT6yiDQYNh8Vx6B86xTeYDNdv82MF48Z7ZyUlh1z4=
github.com/ipthomas/tukhttp v1.3.4/go.mod h1:6fTxQpAGiCmX0Ldrst2UocjrNt2y6clsywJLp7kII/4=
github.com/ipthomas/tukhttp v1.3.5 h1:xz+ymrY5hhdl1VvAbvuozA4rHEsRknfNXGThizIV330=
github.com/ipthomas/tukhttp v1.3.5/go.mod h1:fDSa6/X3OWpxQbNKCamvftfldynGXPN1faPl1ScWemk=
github.com/ipthomas/tukhttp v1.3.6 h1:vudC9VpYwRiGXQoToj8H0dWFR5EwB8oalw2+fjczaW8=
github.com/ipthomas/tukhttp v1.3.6/go.mod h1:AqG5gMwH6QnHkx0PRFOR7oLFQRhgzL9YL6makZPalIY=
github.com/ipthomas/tukpdq v1.3.4 h1:NleGzwOTNu9bOhXRd9d+emSAZLzH9ji1j7rPLgOud0Y=
github.com/ipthomas/tukpdq v1.3.4/go.mod h1:YhUFYF9HpdyfyjuRSauiLnKZ5i1zPMLOuzMxxb++xoo=
github.com/ipthomas/tukpdq v1.3.5 h1:9g3PBD9U5d6xCVzb11sad6noKXboE9BJ4uvpgbNSl0A=
github.com/ipthomas/tukpdq v1.3.5/go.mod h1:UGJcuwmyyRsg0vuXzq+ap6EE0dSzdbCTaMFHWKUUrAs=
github.com/ipthomas/tukpdq v1.3.6 h1:6tloF/dOx7yWmk2EwjRpVit/i7EMoIuV2H0fr8U2C30=
github.com/ipthomas/tukpdq v1.3.6/go.mod h1:nQIgNX+SNMIdv9IaIdUM6Q6Fm7mRDtBoT1lEmnOPPxg=
github.com/ipthomas/tukutil v1.3.3 h1:g/hteLypDvPGsB6VoBwe1Vs+H7dPbonNRwnJtHTLeYc=
github.com/ipthomas/tukutil v1.3.3/go.mod h1:cgLt0kO9rA3cobp265FHdAYhDUAeeAE1VaJK2KMy28c=
github.com/ipthomas/tukutil v1.3.4 h1:ZFUs3bpV0rzhBnPmqBOnCfPrdTfn5Zv1RTOIzm6yi1o=
github.com/ipthomas/tukutil v1.3.4/go.mod h1:cgLt0kO9rA3cobp265FHdAYhDUAeeAE1VaJK2KMy28c=
github.com/ipthomas/tukutil v1.3.5 h1:9aycq15hOComgoqqtdjwDyVh0++6hyQGXdUFTVSDbTw=
github.com/ipthomas/tukutil v1.3.5/go.mod h1:cgLt0kO9rA3cobp265FHdAYhDUAeeAE1VaJK2KMy28c=
github.com/ipthomas/tukutil v1.3.6 h1:w01ktQ3nioD1VUCiay7nYXxVNhf8W7KX8Nl0UTjKNow=
github.com/ipthomas/tukutil v1.3.6/go.mod h1:cgLt0kO9rA3cobp265FHdAYhDUAeeAE1VaJK2KMy28c=
github.com/ipthomas/tukxdw v1.3.5 h1:MVb802CYwqwvgL2ox64TewbOAiOTis14bvSA+pkBl8I=
github.com/ipthomas/tukxdw v1.3.5/go.mod h1:6mAhnM2BzIqyiFRq3f40G0G/lqOjqYfoB8IhbgWUEHY=
github.com/ipthomas/tukxdw v1.3.7 h1:gmc5ZO2G7croSN6WAjAJre+8dkH3V4PKBjraQI+Ngf0=
github.com/ipthomas/tukxdw v1.3.7/go.mod h1:+bmN9SnY123Iu5VmE3dM/iMUSAjmFfPze8fCZ7M6u/I=
github.com/ipthomas/tukxdw v1.3.8 h1:68SgOy9tDtHeaA7VA+lxlskhm3uhiRiPPV1pJkQ6L98=
github.com/ipthomas/tukxdw v1.3.8/go.mod h1:QWhZvd9qvCkCPpqekIRw0mFjyWa+Rw8MDMu4zK6Fiig=
github.com/ipthomas/tukxdw v1.3.9 h1:ZuyIK942KitWxzimpfeplTRVn2A1/6XnkVmJUA9u7Qg=
github.com/ipthomas/tukxdw v1.3.9/go.mod h1:lTDQxxKgrNZkqva2KDkvu956LHh2F4JjleLqnYFYPjI=
